
Microsoft Visual Studio Solution File, Format Version 12.00
# Visual Studio Version 17
VisualStudioVersion = 17.4.33213.308
MinimumVisualStudioVersion = 10.0.40219.1
Project("{FAE04EC0-301F-11D3-BF4B-00C04F79EFBC}") = "LostMoon", "LostMoon\LostMoon.csproj", "{557F98E7-DA24-437E-90C8-A7B00954D299}"
EndProject
Global
	GlobalSection(SolutionConfigurationPlatforms) = preSolution
		Debug|Any CPU = Debug|Any CPU
		Release|Any CPU = Release|Any CPU
	EndGlobalSection
	GlobalSection(ProjectConfigurationPlatforms) = postSolution
		{557F98E7-DA24-437E-90C8-A7B00954D299}.Debug|Any CPU.ActiveCfg = Debug|Any CPU
		{557F98E7-DA24-437E-90C8-A7B00954D299}.Debug|Any CPU.Build.0 = Debug|Any CPU
		{557F98E7-DA24-437E-90C8-A7B00954D299}.Release|Any CPU.ActiveCfg = Release|Any CPU
		{557F98E7-DA24-437E-90C8-A7B00954D299}.Release|Any CPU.Build.0 = Release|Any CPU
	EndGlobalSection
	GlobalSection(SolutionProperties) = preSolution
		HideSolutionNode = FALSE
	EndGlobalSection
	GlobalSection(ExtensibilityGlobals) = postSolution
		SolutionGuid = {49B65B5D-B1DD-4CD3-9926-ECF448A8DC91}
	EndGlobalSection
EndGlobal
